
Microsoft Visual Studio Solution File, Format Version 12.00
# Visual Studio Version 17
VisualStudioVersion = 17.0.31903.59
MinimumVisualStudioVersion = 10.0.40219.1
Project("{2150E333-8FDC-42A3-9474-1A3956D46DE8}") = "src", "src", "{827E0CD3-B72D-47B6-A68D-7590B98EB39B}"
EndProject
Project("{FAE04EC0-301F-11D3-BF4B-00C04F79EFBC}") = "ALAN.Agent", "src\ALAN.Agent\ALAN.Agent.csproj", "{FE9D7AF8-FCDF-4DA8-8219-EFFAE7E36629}"
EndProject
Project("{FAE04EC0-301F-11D3-BF4B-00C04F79EFBC}") = "ALAN.Web", "src\ALAN.Web\ALAN.Web.csproj", "{A1D0E039-F473-4118-AD86-37B5E1C94E0B}"
EndProject
Project("{FAE04EC0-301F-11D3-BF4B-00C04F79EFBC}") = "ALAN.Shared", "src\ALAN.Shared\ALAN.Shared.csproj", "{33B3520C-14FE-4299-9A72-73CB93E9106A}"
EndProject
Project("{2150E333-8FDC-42A3-9474-1A3956D46DE8}") = "tests", "tests", "{0AB3BF05-4346-4AA6-1389-037BE0695223}"
EndProject
Project("{FAE04EC0-301F-11D3-BF4B-00C04F79EFBC}") = "ALAN.Shared.Tests", "tests\ALAN.Shared.Tests\ALAN.Shared.Tests.csproj", "{F9F906C8-3D8B-4A79-81E6-7CBAE05E21ED}"
EndProject
Project("{FAE04EC0-301F-11D3-BF4B-00C04F79EFBC}") = "ALAN.Agent.Tests", "tests\ALAN.Agent.Tests\ALAN.Agent.Tests.csproj", "{C5B33743-F58A-4F0C-8D7C-424D9AABBF44}"
EndProject
Project("{FAE04EC0-301F-11D3-BF4B-00C04F79EFBC}") = "ALAN.Web.Tests", "tests\ALAN.Web.Tests\ALAN.Web.Tests.csproj", "{EBAF089C-405E-4949-910F-D7929A306D9D}"
EndProject
Global
	GlobalSection(SolutionConfigurationPlatforms) = preSolution
		Debug|Any CPU = Debug|Any CPU
		Debug|x64 = Debug|x64
		Debug|x86 = Debug|x86
		Release|Any CPU = Release|Any CPU
		Release|x64 = Release|x64
		Release|x86 = Release|x86
	EndGlobalSection
	GlobalSection(ProjectConfigurationPlatforms) = postSolution
		{FE9D7AF8-FCDF-4DA8-8219-EFFAE7E36629}.Debug|Any CPU.ActiveCfg = Debug|Any CPU
		{FE9D7AF8-FCDF-4DA8-8219-EFFAE7E36629}.Debug|Any CPU.Build.0 = Debug|Any CPU
		{FE9D7AF8-FCDF-4DA8-8219-EFFAE7E36629}.Debug|x64.ActiveCfg = Debug|Any CPU
		{FE9D7AF8-FCDF-4DA8-8219-EFFAE7E36629}.Debug|x64.Build.0 = Debug|Any CPU
		{FE9D7AF8-FCDF-4DA8-8219-EFFAE7E36629}.Debug|x86.ActiveCfg = Debug|Any CPU
		{FE9D7AF8-FCDF-4DA8-8219-EFFAE7E36629}.Debug|x86.Build.0 = Debug|Any CPU
		{FE9D7AF8-FCDF-4DA8-8219-EFFAE7E36629}.Release|Any CPU.ActiveCfg = Release|Any CPU
		{FE9D7AF8-FCDF-4DA8-8219-EFFAE7E36629}.Release|Any CPU.Build.0 = Release|Any CPU
		{FE9D7AF8-FCDF-4DA8-8219-EFFAE7E36629}.Release|x64.ActiveCfg = Release|Any CPU
		{FE9D7AF8-FCDF-4DA8-8219-EFFAE7E36629}.Release|x64.Build.0 = Release|Any CPU
		{FE9D7AF8-FCDF-4DA8-8219-EFFAE7E36629}.Release|x86.ActiveCfg = Release|Any CPU
		{FE9D7AF8-FCDF-4DA8-8219-EFFAE7E36629}.Release|x86.Build.0 = Release|Any CPU
		{A1D0E039-F473-4118-AD86-37B5E1C94E0B}.Debug|Any CPU.ActiveCfg = Debug|Any CPU
		{A1D0E039-F473-4118-AD86-37B5E1C94E0B}.Debug|Any CPU.Build.0 = Debug|Any CPU
		{A1D0E039-F473-4118-AD86-37B5E1C94E0B}.Debug|x64.ActiveCfg = Debug|Any CPU
		{A1D0E039-F473-4118-AD86-37B5E1C94E0B}.Debug|x64.Build.0 = Debug|Any CPU
		{A1D0E039-F473-4118-AD86-37B5E1C94E0B}.Debug|x86.ActiveCfg = Debug|Any CPU
		{A1D0E039-F473-4118-AD86-37B5E1C94E0B}.Debug|x86.Build.0 = Debug|Any CPU
		{A1D0E039-F473-4118-AD86-37B5E1C94E0B}.Release|Any CPU.ActiveCfg = Release|Any CPU
		{A1D0E039-F473-4118-AD86-37B5E1C94E0B}.Release|Any CPU.Build.0 = Release|Any CPU
		{A1D0E039-F473-4118-AD86-37B5E1C94E0B}.Release|x64.ActiveCfg = Release|Any CPU
		{A1D0E039-F473-4118-AD86-37B5E1C94E0B}.Release|x64.Build.0 = Release|Any CPU
		{A1D0E039-F473-4118-AD86-37B5E1C94E0B}.Release|x86.ActiveCfg = Release|Any CPU
		{A1D0E039-F473-4118-AD86-37B5E1C94E0B}.Release|x86.Build.0 = Release|Any CPU
		{33B3520C-14FE-4299-9A72-73CB93E9106A}.Debug|Any CPU.ActiveCfg = Debug|Any CPU
		{33B3520C-14FE-4299-9A72-73CB93E9106A}.Debug|Any CPU.Build.0 = Debug|Any CPU
		{33B3520C-14FE-4299-9A72-73CB93E9106A}.Debug|x64.ActiveCfg = Debug|Any CPU
		{33B3520C-14FE-4299-9A72-73CB93E9106A}.Debug|x64.Build.0 = Debug|Any CPU
		{33B3520C-14FE-4299-9A72-73CB93E9106A}.Debug|x86.ActiveCfg = Debug|Any CPU
		{33B3520C-14FE-4299-9A72-73CB93E9106A}.Debug|x86.Build.0 = Debug|Any CPU
		{33B3520C-14FE-4299-9A72-73CB93E9106A}.Release|Any CPU.ActiveCfg = Release|Any CPU
		{33B3520C-14FE-4299-9A72-73CB93E9106A}.Release|Any CPU.Build.0 = Release|Any CPU
		{33B3520C-14FE-4299-9A72-73CB93E9106A}.Release|x64.ActiveCfg = Release|Any CPU
		{33B3520C-14FE-4299-9A72-73CB93E9106A}.Release|x64.Build.0 = Release|Any CPU
		{33B3520C-14FE-4299-9A72-73CB93E9106A}.Release|x86.ActiveCfg = Release|Any CPU
		{33B3520C-14FE-4299-9A72-73CB93E9106A}.Release|x86.Build.0 = Release|Any CPU
		{F9F906C8-3D8B-4A79-81E6-7CBAE05E21ED}.Debug|Any CPU.ActiveCfg = Debug|Any CPU
		{F9F906C8-3D8B-4A79-81E6-7CBAE05E21ED}.Debug|Any CPU.Build.0 = Debug|Any CPU
		{F9F906C8-3D8B-4A79-81E6-7CBAE05E21ED}.Debug|x64.ActiveCfg = Debug|Any CPU
		{F9F906C8-3D8B-4A79-81E6-7CBAE05E21ED}.Debug|x64.Build.0 = Debug|Any CPU
		{F9F906C8-3D8B-4A79-81E6-7CBAE05E21ED}.Debug|x86.ActiveCfg = Debug|Any CPU
		{F9F906C8-3D8B-4A79-81E6-7CBAE05E21ED}.Debug|x86.Build.0 = Debug|Any CPU
		{F9F906C8-3D8B-4A79-81E6-7CBAE05E21ED}.Release|Any CPU.ActiveCfg = Release|Any CPU
		{F9F906C8-3D8B-4A79-81E6-7CBAE05E21ED}.Release|Any CPU.Build.0 = Release|Any CPU
		{F9F906C8-3D8B-4A79-81E6-7CBAE05E21ED}.Release|x64.ActiveCfg = Release|Any CPU
		{F9F906C8-3D8B-4A79-81E6-7CBAE05E21ED}.Release|x64.Build.0 = Release|Any CPU
		{F9F906C8-3D8B-4A79-81E6-7CBAE05E21ED}.Release|x86.ActiveCfg = Release|Any CPU
		{F9F906C8-3D8B-4A79-81E6-7CBAE05E21ED}.Release|x86.Build.0 = Release|Any CPU
		{C5B33743-F58A-4F0C-8D7C-424D9AABBF44}.Debug|Any CPU.ActiveCfg = Debug|Any CPU
		{C5B33743-F58A-4F0C-8D7C-424D9AABBF44}.Debug|Any CPU.Build.0 = Debug|Any CPU
		{C5B33743-F58A-4F0C-8D7C-424D9AABBF44}.Debug|x64.ActiveCfg = Debug|Any CPU
		{C5B33743-F58A-4F0C-8D7C-424D9AABBF44}.Debug|x64.Build.0 = Debug|Any CPU
		{C5B33743-F58A-4F0C-8D7C-424D9AABBF44}.Debug|x86.ActiveCfg = Debug|Any CPU
		{C5B33743-F58A-4F0C-8D7C-424D9AABBF44}.Debug|x86.Build.0 = Debug|Any CPU
		{C5B33743-F58A-4F0C-8D7C-424D9AABBF44}.Release|Any CPU.ActiveCfg = Release|Any CPU
		{C5B33743-F58A-4F0C-8D7C-424D9AABBF44}.Release|Any CPU.Build.0 = Release|Any CPU
		{C5B33743-F58A-4F0C-8D7C-424D9AABBF44}.Release|x64.ActiveCfg = Release|Any CPU
		{C5B33743-F58A-4F0C-8D7C-424D9AABBF44}.Release|x64.Build.0 = Release|Any CPU
		{C5B33743-F58A-4F0C-8D7C-424D9AABBF44}.Release|x86.ActiveCfg = Release|Any CPU
		{C5B33743-F58A-4F0C-8D7C-424D9AABBF44}.Release|x86.Build.0 = Release|Any CPU
		{EBAF089C-405E-4949-910F-D7929A306D9D}.Debug|Any CPU.ActiveCfg = Debug|Any CPU
		{EBAF089C-405E-4949-910F-D7929A306D9D}.Debug|Any CPU.Build.0 = Debug|Any CPU
		{EBAF089C-405E-4949-910F-D7929A306D9D}.Debug|x64.ActiveCfg = Debug|Any CPU
		{EBAF089C-405E-4949-910F-D7929A306D9D}.Debug|x64.Build.0 = Debug|Any CPU
		{EBAF089C-405E-4949-910F-D7929A306D9D}.Debug|x86.ActiveCfg = Debug|Any CPU
		{EBAF089C-405E-4949-910F-D7929A306D9D}.Debug|x86.Build.0 = Debug|Any CPU
		{EBAF089C-405E-4949-910F-D7929A306D9D}.Release|Any CPU.ActiveCfg = Release|Any CPU
		{EBAF089C-405E-4949-910F-D7929A306D9D}.Release|Any CPU.Build.0 = Release|Any CPU
		{EBAF089C-405E-4949-910F-D7929A306D9D}.Release|x64.ActiveCfg = Release|Any CPU
		{EBAF089C-405E-4949-910F-D7929A306D9D}.Release|x64.Build.0 = Release|Any CPU
		{EBAF089C-405E-4949-910F-D7929A306D9D}.Release|x86.ActiveCfg = Release|Any CPU
		{EBAF089C-405E-4949-910F-D7929A306D9D}.Release|x86.Build.0 = Release|Any CPU
	EndGlobalSection
	GlobalSection(SolutionProperties) = preSolution
		HideSolutionNode = FALSE
	EndGlobalSection
	GlobalSection(NestedProjects) = preSolution
		{FE9D7AF8-FCDF-4DA8-8219-EFFAE7E36629} = {827E0CD3-B72D-47B6-A68D-7590B98EB39B}
		{A1D0E039-F473-4118-AD86-37B5E1C94E0B} = {827E0CD3-B72D-47B6-A68D-7590B98EB39B}
		{33B3520C-14FE-4299-9A72-73CB93E9106A} = {827E0CD3-B72D-47B6-A68D-7590B98EB39B}
		{F9F906C8-3D8B-4A79-81E6-7CBAE05E21ED} = {0AB3BF05-4346-4AA6-1389-037BE0695223}
		{C5B33743-F58A-4F0C-8D7C-424D9AABBF44} = {0AB3BF05-4346-4AA6-1389-037BE0695223}
		{EBAF089C-405E-4949-910F-D7929A306D9D} = {0AB3BF05-4346-4AA6-1389-037BE0695223}
	EndGlobalSection
EndGlobal
